
Microsoft Visual Studio Solution File, Format Version 12.00
# Visual Studio Version 17
VisualStudioVersion = 17.5.33516.290
MinimumVisualStudioVersion = 10.0.40219.1
Project("{FAE04EC0-301F-11D3-BF4B-00C04F79EFBC}") = "TestSerilogLearning", "TestSerilogLearning\TestSerilogLearning.csproj", "{DBC926BF-E7F2-4E74-8E6A-CA25469CFD83}"
EndProject
Global
	GlobalSection(SolutionConfigurationPlatforms) = preSolution
		Debug|Any CPU = Debug|Any CPU
		Release|Any CPU = Release|Any CPU
	EndGlobalSection
	GlobalSection(ProjectConfigurationPlatforms) = postSolution
		{DBC926BF-E7F2-4E74-8E6A-CA25469CFD83}.Debug|Any CPU.ActiveCfg = Debug|Any CPU
		{DBC926BF-E7F2-4E74-8E6A-CA25469CFD83}.Debug|Any CPU.Build.0 = Debug|Any CPU
		{DBC926BF-E7F2-4E74-8E6A-CA25469CFD83}.Release|Any CPU.ActiveCfg = Release|Any CPU
		{DBC926BF-E7F2-4E74-8E6A-CA25469CFD83}.Release|Any CPU.Build.0 = Release|Any CPU
	EndGlobalSection
	GlobalSection(SolutionProperties) = preSolution
		HideSolutionNode = FALSE
	EndGlobalSection
	GlobalSection(ExtensibilityGlobals) = postSolution
		SolutionGuid = {5BD0E121-0D9F-4B1A-9C8A-6E1762AE93C6}
	EndGlobalSection
EndGlobal
